// !$*UTF8*$!
{
	archiveVersion = 1;
	classes = {
	};
	objectVersion = 54;
	objects = {

/* Begin PBXBuildFile section */
		562CFA2A2AEFD2D700D622EA /* AVSpeechSynthesizer+Extensions.swift in Sources */ = {isa = PBXBuildFile; fileRef = 562CFA292AEFD2D700D622EA /* AVSpeechSynthesizer+Extensions.swift */; };
		562CFA2C2AEFD30900D622EA /* PersonalVoiceAuthorizationStatus.swift in Sources */ = {isa = PBXBuildFile; fileRef = 562CFA2B2AEFD30900D622EA /* PersonalVoiceAuthorizationStatus.swift */; };
		E115574325B4C4290093851B /* AppDelegate.swift in Sources */ = {isa = PBXBuildFile; fileRef = E115574225B4C4290093851B /* AppDelegate.swift */; };
		E115574525B4C4290093851B /* SceneDelegate.swift in Sources */ = {isa = PBXBuildFile; fileRef = E115574425B4C4290093851B /* SceneDelegate.swift */; };
		E115574C25B4C42B0093851B /* Assets.xcassets in Resources */ = {isa = PBXBuildFile; fileRef = E115574B25B4C42B0093851B /* Assets.xcassets */; };
		E115574F25B4C42B0093851B /* LaunchScreen.storyboard in Resources */ = {isa = PBXBuildFile; fileRef = E115574D25B4C42B0093851B /* LaunchScreen.storyboard */; };
		E115576125B4C56A0093851B /* MainViewController.swift in Sources */ = {isa = PBXBuildFile; fileRef = E115575F25B4C56A0093851B /* MainViewController.swift */; };
		E115576225B4C56A0093851B /* MainViewController.xib in Resources */ = {isa = PBXBuildFile; fileRef = E115576025B4C56A0093851B /* MainViewController.xib */; };
		E115576625B4C5A10093851B /* BaseViewController.swift in Sources */ = {isa = PBXBuildFile; fileRef = E115576525B4C5A10093851B /* BaseViewController.swift */; };
		E115576A25B4C5C20093851B /* ViewController+Extensions.swift in Sources */ = {isa = PBXBuildFile; fileRef = E115576925B4C5C20093851B /* ViewController+Extensions.swift */; };
		E115577425B4C93C0093851B /* Poppins-Medium.ttf in Resources */ = {isa = PBXBuildFile; fileRef = E115577025B4C93C0093851B /* Poppins-Medium.ttf */; };
		E115577525B4C93C0093851B /* Poppins-SemiBold.ttf in Resources */ = {isa = PBXBuildFile; fileRef = E115577125B4C93C0093851B /* Poppins-SemiBold.ttf */; };
		E115577625B4C93C0093851B /* Poppins-Bold.ttf in Resources */ = {isa = PBXBuildFile; fileRef = E115577225B4C93C0093851B /* Poppins-Bold.ttf */; };
		E115577725B4C93C0093851B /* Poppins-Regular.ttf in Resources */ = {isa = PBXBuildFile; fileRef = E115577325B4C93C0093851B /* Poppins-Regular.ttf */; };
		E115577E25B4CA0E0093851B /* LargeIconButton.swift in Sources */ = {isa = PBXBuildFile; fileRef = E115577D25B4CA0E0093851B /* LargeIconButton.swift */; };
		E115578325B4CA350093851B /* LargeIconButton.xib in Resources */ = {isa = PBXBuildFile; fileRef = E115578225B4CA350093851B /* LargeIconButton.xib */; };
		E11C1ACF25D83CFA001FE05E /* Phrase+CoreDataClass.swift in Sources */ = {isa = PBXBuildFile; fileRef = E137885825D48BC6007E2DD8 /* Phrase+CoreDataClass.swift */; };
		E11C1AD125D83CFF001FE05E /* Phrase+CoreDataProperties.swift in Sources */ = {isa = PBXBuildFile; fileRef = E137885725D48BC6007E2DD8 /* Phrase+CoreDataProperties.swift */; };
		E127353925C617BE007993EA /* SettingModel.swift in Sources */ = {isa = PBXBuildFile; fileRef = E127353825C617BE007993EA /* SettingModel.swift */; };
		E127353C25C61DEB007993EA /* UserDefaultsService.swift in Sources */ = {isa = PBXBuildFile; fileRef = E127353B25C61DEB007993EA /* UserDefaultsService.swift */; };
		E134BBE12A3F429700109013 /* String+Extensions.swift in Sources */ = {isa = PBXBuildFile; fileRef = E134BBE02A3F429700109013 /* String+Extensions.swift */; };
		E134BBE32A3F429F00109013 /* Array+Extensions.swift in Sources */ = {isa = PBXBuildFile; fileRef = E134BBE22A3F429F00109013 /* Array+Extensions.swift */; };
		E137882425D47B0A007E2DD8 /* Model.xcdatamodeld in Sources */ = {isa = PBXBuildFile; fileRef = E137882225D47B0A007E2DD8 /* Model.xcdatamodeld */; };
		E137884C25D47E72007E2DD8 /* DatabaseService.swift in Sources */ = {isa = PBXBuildFile; fileRef = E137884B25D47E72007E2DD8 /* DatabaseService.swift */; };
		E13919C32AD2D48E00694200 /* HelpView.swift in Sources */ = {isa = PBXBuildFile; fileRef = E13919C22AD2D48E00694200 /* HelpView.swift */; };
		E13919C52AD3190600694200 /* HelpContentType.swift in Sources */ = {isa = PBXBuildFile; fileRef = E13919C42AD3190600694200 /* HelpContentType.swift */; };
		E13919C82AD333DE00694200 /* CollapsableHelpComponentView.swift in Sources */ = {isa = PBXBuildFile; fileRef = E13919C72AD333DE00694200 /* CollapsableHelpComponentView.swift */; };
		E13919CA2AD3342D00694200 /* View+Extensions.swift in Sources */ = {isa = PBXBuildFile; fileRef = E13919C92AD3342D00694200 /* View+Extensions.swift */; };
		E1417F942A324A2B00B0A9DA /* Nib.swift in Sources */ = {isa = PBXBuildFile; fileRef = E1417F932A324A2B00B0A9DA /* Nib.swift */; };
		E1417F962A324E5D00B0A9DA /* Fonts.swift in Sources */ = {isa = PBXBuildFile; fileRef = E1417F952A324E5D00B0A9DA /* Fonts.swift */; };
		E141AD4425F58B9000C61408 /* BackgroundShadowView.swift in Sources */ = {isa = PBXBuildFile; fileRef = E141AD4325F58B9000C61408 /* BackgroundShadowView.swift */; };
		E15B839525CF17CB00C8BFA5 /* LanguagePickerViewController.swift in Sources */ = {isa = PBXBuildFile; fileRef = E15B839325CF17CB00C8BFA5 /* LanguagePickerViewController.swift */; };
		E15B839625CF17CB00C8BFA5 /* LanguagePickerViewController.xib in Resources */ = {isa = PBXBuildFile; fileRef = E15B839425CF17CB00C8BFA5 /* LanguagePickerViewController.xib */; };
		E15B839A25CF17DB00C8BFA5 /* LanguagePickerViewModel.swift in Sources */ = {isa = PBXBuildFile; fileRef = E15B839925CF17DB00C8BFA5 /* LanguagePickerViewModel.swift */; };
		E15B839F25CF3D3F00C8BFA5 /* VoiceTableViewCell.swift in Sources */ = {isa = PBXBuildFile; fileRef = E15B839D25CF3D3F00C8BFA5 /* VoiceTableViewCell.swift */; };
		E15B83A025CF3D3F00C8BFA5 /* VoiceTableViewCell.xib in Resources */ = {isa = PBXBuildFile; fileRef = E15B839E25CF3D3F00C8BFA5 /* VoiceTableViewCell.xib */; };
		E16C32F72ACCA58800FDEDC1 /* BottomInfoViewController.swift in Sources */ = {isa = PBXBuildFile; fileRef = E16C32F52ACCA58800FDEDC1 /* BottomInfoViewController.swift */; };
		E16C32F82ACCA58800FDEDC1 /* BottomInfoViewController.xib in Resources */ = {isa = PBXBuildFile; fileRef = E16C32F62ACCA58800FDEDC1 /* BottomInfoViewController.xib */; };
		E16C32FA2ACCA59500FDEDC1 /* BottomInfoViewModel.swift in Sources */ = {isa = PBXBuildFile; fileRef = E16C32F92ACCA59500FDEDC1 /* BottomInfoViewModel.swift */; };
		E1771A8025C21523003FE247 /* UITextView+Extensions.swift in Sources */ = {isa = PBXBuildFile; fileRef = E1771A7F25C21523003FE247 /* UITextView+Extensions.swift */; };
		E1771A8D25C21680003FE247 /* SettingsViewController.swift in Sources */ = {isa = PBXBuildFile; fileRef = E1771A8B25C21680003FE247 /* SettingsViewController.swift */; };
		E1771A8E25C21680003FE247 /* SettingsViewController.xib in Resources */ = {isa = PBXBuildFile; fileRef = E1771A8C25C21680003FE247 /* SettingsViewController.xib */; };
		E1771A9125C2168F003FE247 /* SettingsViewModel.swift in Sources */ = {isa = PBXBuildFile; fileRef = E1771A9025C2168F003FE247 /* SettingsViewModel.swift */; };
		E179E5A52A3F98A3001F1BDD /* AVSpeechSynthesisVoice+Extensions.swift in Sources */ = {isa = PBXBuildFile; fileRef = E179E5A42A3F98A3001F1BDD /* AVSpeechSynthesisVoice+Extensions.swift */; };
		E18AF60825F57A27008CFA5D /* CustomScrollView.swift in Sources */ = {isa = PBXBuildFile; fileRef = E18AF60725F57A27008CFA5D /* CustomScrollView.swift */; };
		E18AF60D25F57BDF008CFA5D /* TouchHandlerButton.swift in Sources */ = {isa = PBXBuildFile; fileRef = E18AF60C25F57BDF008CFA5D /* TouchHandlerButton.swift */; };
		E19392AB2A2C06DA00CA6238 /* Colors.swift in Sources */ = {isa = PBXBuildFile; fileRef = E19392AA2A2C06DA00CA6238 /* Colors.swift */; };
		E19392AD2A2C0AE400CA6238 /* UIColor+Extensions.swift in Sources */ = {isa = PBXBuildFile; fileRef = E19392AC2A2C0AE400CA6238 /* UIColor+Extensions.swift */; };
		E197349A25B8D4F400F3A78B /* QuickPhraseModel.swift in Sources */ = {isa = PBXBuildFile; fileRef = E197349925B8D4F400F3A78B /* QuickPhraseModel.swift */; };
		E197349F25B8DBBD00F3A78B /* QuickPhraseTableViewCell.swift in Sources */ = {isa = PBXBuildFile; fileRef = E197349D25B8DBBD00F3A78B /* QuickPhraseTableViewCell.swift */; };
		E19734A025B8DBBD00F3A78B /* QuickPhraseTableViewCell.xib in Resources */ = {isa = PBXBuildFile; fileRef = E197349E25B8DBBD00F3A78B /* QuickPhraseTableViewCell.xib */; };
		E1B148A125EC4326003C1401 /* Localizable.strings in Resources */ = {isa = PBXBuildFile; fileRef = E1B148A325EC4326003C1401 /* Localizable.strings */; };
		E1B148A525EC432A003C1401 /* Localizable.strings in Resources */ = {isa = PBXBuildFile; fileRef = E1B148A725EC432A003C1401 /* Localizable.strings */; };
		E1BD3E4D25B6308E00DB87E1 /* BaseViewModel.swift in Sources */ = {isa = PBXBuildFile; fileRef = E1BD3E4C25B6308E00DB87E1 /* BaseViewModel.swift */; };
		E1C3EF5325B4E97F00339B9A /* MainTextView.swift in Sources */ = {isa = PBXBuildFile; fileRef = E1C3EF5225B4E97F00339B9A /* MainTextView.swift */; };
		E1C3EF5925B4EF7E00339B9A /* DefaultNavigationController.swift in Sources */ = {isa = PBXBuildFile; fileRef = E1C3EF5825B4EF7E00339B9A /* DefaultNavigationController.swift */; };
		E1D4C3EF2AD0A23A0059DC46 /* PersonalVoiceService.swift in Sources */ = {isa = PBXBuildFile; fileRef = E1D4C3EE2AD0A23A0059DC46 /* PersonalVoiceService.swift */; };
		E1D4C3F22AD0AA400059DC46 /* PersonalVoiceInfoView.xib in Resources */ = {isa = PBXBuildFile; fileRef = E1D4C3F12AD0AA400059DC46 /* PersonalVoiceInfoView.xib */; };
		E1D4C3F42AD0AA4B0059DC46 /* PersonalVoiceInfoView.swift in Sources */ = {isa = PBXBuildFile; fileRef = E1D4C3F32AD0AA4B0059DC46 /* PersonalVoiceInfoView.swift */; };
		E1D4C3F72AD0C7880059DC46 /* InfoButton.swift in Sources */ = {isa = PBXBuildFile; fileRef = E1D4C3F62AD0C7880059DC46 /* InfoButton.swift */; };
		E1DF158525BCBFAA00810C0D /* ContentSizedTableView.swift in Sources */ = {isa = PBXBuildFile; fileRef = E1DF158425BCBFAA00810C0D /* ContentSizedTableView.swift */; };
		E1E5FECA25D9879800FEB6E2 /* PhraseDatabaseService.swift in Sources */ = {isa = PBXBuildFile; fileRef = E1E5FEC925D9879800FEB6E2 /* PhraseDatabaseService.swift */; };
		E1E6C2CB25B4D24800774B17 /* UIView+Extensions.swift in Sources */ = {isa = PBXBuildFile; fileRef = E1E6C2CA25B4D24800774B17 /* UIView+Extensions.swift */; };
		E1E6C2CE25B4D30300774B17 /* Colors.xcassets in Resources */ = {isa = PBXBuildFile; fileRef = E1E6C2CD25B4D30300774B17 /* Colors.xcassets */; };
		E1E89B1D2A3F558F004DF84F /* HeaderView.swift in Sources */ = {isa = PBXBuildFile; fileRef = E1E89B1B2A3F558F004DF84F /* HeaderView.swift */; };
		E1E89B1E2A3F558F004DF84F /* HeaderView.xib in Resources */ = {isa = PBXBuildFile; fileRef = E1E89B1C2A3F558F004DF84F /* HeaderView.xib */; };
		E1E98A8225C6C77200F531BD /* SliderTableViewCell.swift in Sources */ = {isa = PBXBuildFile; fileRef = E1E98A8025C6C77200F531BD /* SliderTableViewCell.swift */; };
		E1E98A8325C6C77200F531BD /* SliderTableViewCell.xib in Resources */ = {isa = PBXBuildFile; fileRef = E1E98A8125C6C77200F531BD /* SliderTableViewCell.xib */; };
		E1F246F825FE82A90077EE4F /* HelpViewController.swift in Sources */ = {isa = PBXBuildFile; fileRef = E1F246F625FE82A90077EE4F /* HelpViewController.swift */; };
		E1F246F925FE82A90077EE4F /* HelpViewController.xib in Resources */ = {isa = PBXBuildFile; fileRef = E1F246F725FE82A90077EE4F /* HelpViewController.xib */; };
		E1F246FC25FE82B30077EE4F /* HelpViewModel.swift in Sources */ = {isa = PBXBuildFile; fileRef = E1F246FB25FE82B30077EE4F /* HelpViewModel.swift */; };
		E1F4CA6F2A326E1A00ADC747 /* SliderDataType.swift in Sources */ = {isa = PBXBuildFile; fileRef = E1F4CA6E2A326E1A00ADC747 /* SliderDataType.swift */; };
		E1FFC29425B625F300E8F1C0 /* TextToSpeechService.swift in Sources */ = {isa = PBXBuildFile; fileRef = E1FFC29325B625F300E8F1C0 /* TextToSpeechService.swift */; };
		E1FFC29825B628A800E8F1C0 /* MainViewModel.swift in Sources */ = {isa = PBXBuildFile; fileRef = E1FFC29725B628A800E8F1C0 /* MainViewModel.swift */; };
		F0E872B034A3527DFBE12358 /* Pods_MyVoice.framework in Frameworks */ = {isa = PBXBuildFile; fileRef = 61378B4DF55B36302E38E8BA /* Pods_MyVoice.framework */; };
/* End PBXBuildFile section */

/* Begin PBXFileReference section */
		00064B458A7017DF2720DD19 /* Pods-MyVoice.debug.xcconfig */ = {isa = PBXFileReference; includeInIndex = 1; lastKnownFileType = text.xcconfig; name = "Pods-MyVoice.debug.xcconfig"; path = "Target Support Files/Pods-MyVoice/Pods-MyVoice.debug.xcconfig"; sourceTree = "<group>"; };
		4A86AE1510816C7951487315 /* Pods-MyVoice.release.xcconfig */ = {isa = PBXFileReference; includeInIndex = 1; lastKnownFileType = text.xcconfig; name = "Pods-MyVoice.release.xcconfig"; path = "Target Support Files/Pods-MyVoice/Pods-MyVoice.release.xcconfig"; sourceTree = "<group>"; };
		562CFA292AEFD2D700D622EA /* AVSpeechSynthesizer+Extensions.swift */ = {isa = PBXFileReference; lastKnownFileType = sourcecode.swift; path = "AVSpeechSynthesizer+Extensions.swift"; sourceTree = "<group>"; };
		562CFA2B2AEFD30900D622EA /* PersonalVoiceAuthorizationStatus.swift */ = {isa = PBXFileReference; lastKnownFileType = sourcecode.swift; path = PersonalVoiceAuthorizationStatus.swift; sourceTree = "<group>"; };
		61378B4DF55B36302E38E8BA /* Pods_MyVoice.framework */ = {isa = PBXFileReference; explicitFileType = wrapper.framework; includeInIndex = 0; path = Pods_MyVoice.framework; sourceTree = BUILT_PRODUCTS_DIR; };
		E115573F25B4C4290093851B /* MyVoice.app */ = {isa = PBXFileReference; explicitFileType = wrapper.application; includeInIndex = 0; path = MyVoice.app; sourceTree = BUILT_PRODUCTS_DIR; };
		E115574225B4C4290093851B /* AppDelegate.swift */ = {isa = PBXFileReference; lastKnownFileType = sourcecode.swift; path = AppDelegate.swift; sourceTree = "<group>"; };
		E115574425B4C4290093851B /* SceneDelegate.swift */ = {isa = PBXFileReference; lastKnownFileType = sourcecode.swift; path = SceneDelegate.swift; sourceTree = "<group>"; };
		E115574B25B4C42B0093851B /* Assets.xcassets */ = {isa = PBXFileReference; lastKnownFileType = folder.assetcatalog; path = Assets.xcassets; sourceTree = "<group>"; };
		E115574E25B4C42B0093851B /* Base */ = {isa = PBXFileReference; lastKnownFileType = file.storyboard; name = Base; path = Base.lproj/LaunchScreen.storyboard; sourceTree = "<group>"; };
		E115575025B4C42B0093851B /* Info.plist */ = {isa = PBXFileReference; lastKnownFileType = text.plist.xml; path = Info.plist; sourceTree = "<group>"; };
		E115575F25B4C56A0093851B /* MainViewController.swift */ = {isa = PBXFileReference; lastKnownFileType = sourcecode.swift; path = MainViewController.swift; sourceTree = "<group>"; };
		E115576025B4C56A0093851B /* MainViewController.xib */ = {isa = PBXFileReference; lastKnownFileType = file.xib; path = MainViewController.xib; sourceTree = "<group>"; };
		E115576525B4C5A10093851B /* BaseViewController.swift */ = {isa = PBXFileReference; lastKnownFileType = sourcecode.swift; path = BaseViewController.swift; sourceTree = "<group>"; };
		E115576925B4C5C20093851B /* ViewController+Extensions.swift */ = {isa = PBXFileReference; lastKnownFileType = sourcecode.swift; path = "ViewController+Extensions.swift"; sourceTree = "<group>"; };
		E115577025B4C93C0093851B /* Poppins-Medium.ttf */ = {isa = PBXFileReference; lastKnownFileType = file; path = "Poppins-Medium.ttf"; sourceTree = "<group>"; };
		E115577125B4C93C0093851B /* Poppins-SemiBold.ttf */ = {isa = PBXFileReference; lastKnownFileType = file; path = "Poppins-SemiBold.ttf"; sourceTree = "<group>"; };
		E115577225B4C93C0093851B /* Poppins-Bold.ttf */ = {isa = PBXFileReference; lastKnownFileType = file; path = "Poppins-Bold.ttf"; sourceTree = "<group>"; };
		E115577325B4C93C0093851B /* Poppins-Regular.ttf */ = {isa = PBXFileReference; lastKnownFileType = file; path = "Poppins-Regular.ttf"; sourceTree = "<group>"; };
		E115577D25B4CA0E0093851B /* LargeIconButton.swift */ = {isa = PBXFileReference; lastKnownFileType = sourcecode.swift; path = LargeIconButton.swift; sourceTree = "<group>"; };
		E115578225B4CA350093851B /* LargeIconButton.xib */ = {isa = PBXFileReference; lastKnownFileType = file.xib; path = LargeIconButton.xib; sourceTree = "<group>"; };
		E127353825C617BE007993EA /* SettingModel.swift */ = {isa = PBXFileReference; lastKnownFileType = sourcecode.swift; path = SettingModel.swift; sourceTree = "<group>"; };
		E127353B25C61DEB007993EA /* UserDefaultsService.swift */ = {isa = PBXFileReference; lastKnownFileType = sourcecode.swift; path = UserDefaultsService.swift; sourceTree = "<group>"; };
		E134BBE02A3F429700109013 /* String+Extensions.swift */ = {isa = PBXFileReference; lastKnownFileType = sourcecode.swift; path = "String+Extensions.swift"; sourceTree = "<group>"; };
		E134BBE22A3F429F00109013 /* Array+Extensions.swift */ = {isa = PBXFileReference; lastKnownFileType = sourcecode.swift; path = "Array+Extensions.swift"; sourceTree = "<group>"; };
		E137882325D47B0A007E2DD8 /* Model.xcdatamodel */ = {isa = PBXFileReference; lastKnownFileType = wrapper.xcdatamodel; path = Model.xcdatamodel; sourceTree = "<group>"; };
		E137884B25D47E72007E2DD8 /* DatabaseService.swift */ = {isa = PBXFileReference; lastKnownFileType = sourcecode.swift; path = DatabaseService.swift; sourceTree = "<group>"; };
		E137885725D48BC6007E2DD8 /* Phrase+CoreDataProperties.swift */ = {isa = PBXFileReference; lastKnownFileType = sourcecode.swift; path = "Phrase+CoreDataProperties.swift"; sourceTree = "<group>"; };
		E137885825D48BC6007E2DD8 /* Phrase+CoreDataClass.swift */ = {isa = PBXFileReference; lastKnownFileType = sourcecode.swift; path = "Phrase+CoreDataClass.swift"; sourceTree = "<group>"; };
		E13919C22AD2D48E00694200 /* HelpView.swift */ = {isa = PBXFileReference; lastKnownFileType = sourcecode.swift; path = HelpView.swift; sourceTree = "<group>"; };
		E13919C42AD3190600694200 /* HelpContentType.swift */ = {isa = PBXFileReference; lastKnownFileType = sourcecode.swift; path = HelpContentType.swift; sourceTree = "<group>"; };
		E13919C72AD333DE00694200 /* CollapsableHelpComponentView.swift */ = {isa = PBXFileReference; lastKnownFileType = sourcecode.swift; path = CollapsableHelpComponentView.swift; sourceTree = "<group>"; };
		E13919C92AD3342D00694200 /* View+Extensions.swift */ = {isa = PBXFileReference; lastKnownFileType = sourcecode.swift; path = "View+Extensions.swift"; sourceTree = "<group>"; };
		E1417F932A324A2B00B0A9DA /* Nib.swift */ = {isa = PBXFileReference; lastKnownFileType = sourcecode.swift; path = Nib.swift; sourceTree = "<group>"; };
		E1417F952A324E5D00B0A9DA /* Fonts.swift */ = {isa = PBXFileReference; lastKnownFileType = sourcecode.swift; path = Fonts.swift; sourceTree = "<group>"; };
		E141AD4325F58B9000C61408 /* BackgroundShadowView.swift */ = {isa = PBXFileReference; lastKnownFileType = sourcecode.swift; path = BackgroundShadowView.swift; sourceTree = "<group>"; };
		E15B839325CF17CB00C8BFA5 /* LanguagePickerViewController.swift */ = {isa = PBXFileReference; lastKnownFileType = sourcecode.swift; path = LanguagePickerViewController.swift; sourceTree = "<group>"; };
		E15B839425CF17CB00C8BFA5 /* LanguagePickerViewController.xib */ = {isa = PBXFileReference; lastKnownFileType = file.xib; path = LanguagePickerViewController.xib; sourceTree = "<group>"; };
		E15B839925CF17DB00C8BFA5 /* LanguagePickerViewModel.swift */ = {isa = PBXFileReference; lastKnownFileType = sourcecode.swift; path = LanguagePickerViewModel.swift; sourceTree = "<group>"; };
		E15B839D25CF3D3F00C8BFA5 /* VoiceTableViewCell.swift */ = {isa = PBXFileReference; lastKnownFileType = sourcecode.swift; path = VoiceTableViewCell.swift; sourceTree = "<group>"; };
		E15B839E25CF3D3F00C8BFA5 /* VoiceTableViewCell.xib */ = {isa = PBXFileReference; lastKnownFileType = file.xib; path = VoiceTableViewCell.xib; sourceTree = "<group>"; };
		E16C32F52ACCA58800FDEDC1 /* BottomInfoViewController.swift */ = {isa = PBXFileReference; lastKnownFileType = sourcecode.swift; path = BottomInfoViewController.swift; sourceTree = "<group>"; };
		E16C32F62ACCA58800FDEDC1 /* BottomInfoViewController.xib */ = {isa = PBXFileReference; lastKnownFileType = file.xib; path = BottomInfoViewController.xib; sourceTree = "<group>"; };
		E16C32F92ACCA59500FDEDC1 /* BottomInfoViewModel.swift */ = {isa = PBXFileReference; lastKnownFileType = sourcecode.swift; path = BottomInfoViewModel.swift; sourceTree = "<group>"; };
		E1771A7F25C21523003FE247 /* UITextView+Extensions.swift */ = {isa = PBXFileReference; lastKnownFileType = sourcecode.swift; path = "UITextView+Extensions.swift"; sourceTree = "<group>"; };
		E1771A8B25C21680003FE247 /* SettingsViewController.swift */ = {isa = PBXFileReference; lastKnownFileType = sourcecode.swift; path = SettingsViewController.swift; sourceTree = "<group>"; };
		E1771A8C25C21680003FE247 /* SettingsViewController.xib */ = {isa = PBXFileReference; lastKnownFileType = file.xib; path = SettingsViewController.xib; sourceTree = "<group>"; };
		E1771A9025C2168F003FE247 /* SettingsViewModel.swift */ = {isa = PBXFileReference; lastKnownFileType = sourcecode.swift; path = SettingsViewModel.swift; sourceTree = "<group>"; };
		E179E5A42A3F98A3001F1BDD /* AVSpeechSynthesisVoice+Extensions.swift */ = {isa = PBXFileReference; lastKnownFileType = sourcecode.swift; path = "AVSpeechSynthesisVoice+Extensions.swift"; sourceTree = "<group>"; };
		E18AF60725F57A27008CFA5D /* CustomScrollView.swift */ = {isa = PBXFileReference; lastKnownFileType = sourcecode.swift; path = CustomScrollView.swift; sourceTree = "<group>"; };
		E18AF60C25F57BDF008CFA5D /* TouchHandlerButton.swift */ = {isa = PBXFileReference; lastKnownFileType = sourcecode.swift; path = TouchHandlerButton.swift; sourceTree = "<group>"; };
		E19392AA2A2C06DA00CA6238 /* Colors.swift */ = {isa = PBXFileReference; lastKnownFileType = sourcecode.swift; path = Colors.swift; sourceTree = "<group>"; };
		E19392AC2A2C0AE400CA6238 /* UIColor+Extensions.swift */ = {isa = PBXFileReference; lastKnownFileType = sourcecode.swift; path = "UIColor+Extensions.swift"; sourceTree = "<group>"; };
		E197349925B8D4F400F3A78B /* QuickPhraseModel.swift */ = {isa = PBXFileReference; lastKnownFileType = sourcecode.swift; path = QuickPhraseModel.swift; sourceTree = "<group>"; };
		E197349D25B8DBBD00F3A78B /* QuickPhraseTableViewCell.swift */ = {isa = PBXFileReference; lastKnownFileType = sourcecode.swift; path = QuickPhraseTableViewCell.swift; sourceTree = "<group>"; };
		E197349E25B8DBBD00F3A78B /* QuickPhraseTableViewCell.xib */ = {isa = PBXFileReference; lastKnownFileType = file.xib; path = QuickPhraseTableViewCell.xib; sourceTree = "<group>"; };
		E1B1489025EC41B0003C1401 /* pl */ = {isa = PBXFileReference; lastKnownFileType = text.plist.strings; name = pl; path = pl.lproj/LaunchScreen.strings; sourceTree = "<group>"; };
		E1B148A225EC4326003C1401 /* pl */ = {isa = PBXFileReference; lastKnownFileType = text.plist.strings; name = pl; path = pl.lproj/Localizable.strings; sourceTree = "<group>"; };
		E1B148A625EC432A003C1401 /* en */ = {isa = PBXFileReference; lastKnownFileType = text.plist.strings; name = en; path = en.lproj/Localizable.strings; sourceTree = "<group>"; };
		E1BD3E4C25B6308E00DB87E1 /* BaseViewModel.swift */ = {isa = PBXFileReference; lastKnownFileType = sourcecode.swift; path = BaseViewModel.swift; sourceTree = "<group>"; };
		E1C3EF5225B4E97F00339B9A /* MainTextView.swift */ = {isa = PBXFileReference; lastKnownFileType = sourcecode.swift; path = MainTextView.swift; sourceTree = "<group>"; };
		E1C3EF5825B4EF7E00339B9A /* DefaultNavigationController.swift */ = {isa = PBXFileReference; lastKnownFileType = sourcecode.swift; path = DefaultNavigationController.swift; sourceTree = "<group>"; };
		E1D4C3EE2AD0A23A0059DC46 /* PersonalVoiceService.swift */ = {isa = PBXFileReference; lastKnownFileType = sourcecode.swift; path = PersonalVoiceService.swift; sourceTree = "<group>"; };
		E1D4C3F12AD0AA400059DC46 /* PersonalVoiceInfoView.xib */ = {isa = PBXFileReference; lastKnownFileType = file.xib; path = PersonalVoiceInfoView.xib; sourceTree = "<group>"; };
		E1D4C3F32AD0AA4B0059DC46 /* PersonalVoiceInfoView.swift */ = {isa = PBXFileReference; lastKnownFileType = sourcecode.swift; path = PersonalVoiceInfoView.swift; sourceTree = "<group>"; };
		E1D4C3F62AD0C7880059DC46 /* InfoButton.swift */ = {isa = PBXFileReference; lastKnownFileType = sourcecode.swift; path = InfoButton.swift; sourceTree = "<group>"; };
		E1DF158425BCBFAA00810C0D /* ContentSizedTableView.swift */ = {isa = PBXFileReference; lastKnownFileType = sourcecode.swift; path = ContentSizedTableView.swift; sourceTree = "<group>"; };
		E1E5FEC925D9879800FEB6E2 /* PhraseDatabaseService.swift */ = {isa = PBXFileReference; lastKnownFileType = sourcecode.swift; path = PhraseDatabaseService.swift; sourceTree = "<group>"; };
		E1E6C2CA25B4D24800774B17 /* UIView+Extensions.swift */ = {isa = PBXFileReference; lastKnownFileType = sourcecode.swift; path = "UIView+Extensions.swift"; sourceTree = "<group>"; };
		E1E6C2CD25B4D30300774B17 /* Colors.xcassets */ = {isa = PBXFileReference; lastKnownFileType = folder.assetcatalog; name = Colors.xcassets; path = MyVoice/Colors.xcassets; sourceTree = SOURCE_ROOT; };
		E1E89B1B2A3F558F004DF84F /* HeaderView.swift */ = {isa = PBXFileReference; fileEncoding = 4; lastKnownFileType = sourcecode.swift; path = HeaderView.swift; sourceTree = "<group>"; };
		E1E89B1C2A3F558F004DF84F /* HeaderView.xib */ = {isa = PBXFileReference; fileEncoding = 4; lastKnownFileType = file.xib; path = HeaderView.xib; sourceTree = "<group>"; };
		E1E98A8025C6C77200F531BD /* SliderTableViewCell.swift */ = {isa = PBXFileReference; lastKnownFileType = sourcecode.swift; path = SliderTableViewCell.swift; sourceTree = "<group>"; };
		E1E98A8125C6C77200F531BD /* SliderTableViewCell.xib */ = {isa = PBXFileReference; lastKnownFileType = file.xib; path = SliderTableViewCell.xib; sourceTree = "<group>"; };
		E1F246F625FE82A90077EE4F /* HelpViewController.swift */ = {isa = PBXFileReference; lastKnownFileType = sourcecode.swift; path = HelpViewController.swift; sourceTree = "<group>"; };
		E1F246F725FE82A90077EE4F /* HelpViewController.xib */ = {isa = PBXFileReference; lastKnownFileType = file.xib; path = HelpViewController.xib; sourceTree = "<group>"; };
		E1F246FB25FE82B30077EE4F /* HelpViewModel.swift */ = {isa = PBXFileReference; lastKnownFileType = sourcecode.swift; path = HelpViewModel.swift; sourceTree = "<group>"; };
		E1F4CA6E2A326E1A00ADC747 /* SliderDataType.swift */ = {isa = PBXFileReference; lastKnownFileType = sourcecode.swift; path = SliderDataType.swift; sourceTree = "<group>"; };
		E1FFC29325B625F300E8F1C0 /* TextToSpeechService.swift */ = {isa = PBXFileReference; lastKnownFileType = sourcecode.swift; path = TextToSpeechService.swift; sourceTree = "<group>"; };
		E1FFC29725B628A800E8F1C0 /* MainViewModel.swift */ = {isa = PBXFileReference; lastKnownFileType = sourcecode.swift; path = MainViewModel.swift; sourceTree = "<group>"; };
/* End PBXFileReference section */

/* Begin PBXFrameworksBuildPhase section */
		E115573C25B4C4290093851B /* Frameworks */ = {
			isa = PBXFrameworksBuildPhase;
			buildActionMask = 2147483647;
			files = (
				F0E872B034A3527DFBE12358 /* Pods_MyVoice.framework in Frameworks */,
			);
			runOnlyForDeploymentPostprocessing = 0;
		};
/* End PBXFrameworksBuildPhase section */

/* Begin PBXGroup section */
		503E9E29B9CB59805C435708 /* Frameworks */ = {
			isa = PBXGroup;
			children = (
				61378B4DF55B36302E38E8BA /* Pods_MyVoice.framework */,
			);
			name = Frameworks;
			sourceTree = "<group>";
		};
		5DD28FE72419B1A46AD2C89F /* Pods */ = {
			isa = PBXGroup;
			children = (
				00064B458A7017DF2720DD19 /* Pods-MyVoice.debug.xcconfig */,
				4A86AE1510816C7951487315 /* Pods-MyVoice.release.xcconfig */,
			);
			path = Pods;
			sourceTree = "<group>";
		};
		E115573625B4C4290093851B = {
			isa = PBXGroup;
			children = (
				E115574125B4C4290093851B /* MyVoice */,
				E115574025B4C4290093851B /* Products */,
				5DD28FE72419B1A46AD2C89F /* Pods */,
				503E9E29B9CB59805C435708 /* Frameworks */,
			);
			sourceTree = "<group>";
		};
		E115574025B4C4290093851B /* Products */ = {
			isa = PBXGroup;
			children = (
				E115573F25B4C4290093851B /* MyVoice.app */,
			);
			name = Products;
			sourceTree = "<group>";
		};
		E115574125B4C4290093851B /* MyVoice */ = {
			isa = PBXGroup;
			children = (
				E115575925B4C51A0093851B /* Screens */,
				E197349725B8D4D600F3A78B /* Models */,
				E1FFC29225B625DD00E8F1C0 /* Services */,
				E115576C25B4C7810093851B /* CustomViews */,
				E115576825B4C5AC0093851B /* Extensions */,
				E115576425B4C5950093851B /* Base */,
				E19392AE2A2C0B4300CA6238 /* Enums */,
				E137885325D48B40007E2DD8 /* CoreData */,
				E115576E25B4C9000093851B /* SupportingFiles */,
				E115574225B4C4290093851B /* AppDelegate.swift */,
				E115574425B4C4290093851B /* SceneDelegate.swift */,
				E115574D25B4C42B0093851B /* LaunchScreen.storyboard */,
				E1E6C2CD25B4D30300774B17 /* Colors.xcassets */,
				E115574B25B4C42B0093851B /* Assets.xcassets */,
			);
			path = MyVoice;
			sourceTree = "<group>";
		};
		E115575925B4C51A0093851B /* Screens */ = {
			isa = PBXGroup;
			children = (
				E13919C12AD2D47A00694200 /* Help (SwiftUI) */,
				E115575D25B4C5390093851B /* Main */,
				E1771A8225C21605003FE247 /* Settings */,
				E1F246F525FE82960077EE4F /* Help */,
				E15B839225CF17AD00C8BFA5 /* LanguagePicker */,
				E16C32F42ACCA54300FDEDC1 /* BottomInfo */,
			);
			path = Screens;
			sourceTree = "<group>";
		};
		E115575D25B4C5390093851B /* Main */ = {
			isa = PBXGroup;
			children = (
				E115576025B4C56A0093851B /* MainViewController.xib */,
				E115575F25B4C56A0093851B /* MainViewController.swift */,
				E1FFC29725B628A800E8F1C0 /* MainViewModel.swift */,
			);
			path = Main;
			sourceTree = "<group>";
		};
		E115576425B4C5950093851B /* Base */ = {
			isa = PBXGroup;
			children = (
				E115576525B4C5A10093851B /* BaseViewController.swift */,
				E1BD3E4C25B6308E00DB87E1 /* BaseViewModel.swift */,
			);
			path = Base;
			sourceTree = "<group>";
		};
		E115576825B4C5AC0093851B /* Extensions */ = {
			isa = PBXGroup;
			children = (
				E115576925B4C5C20093851B /* ViewController+Extensions.swift */,
				E1E6C2CA25B4D24800774B17 /* UIView+Extensions.swift */,
				E1771A7F25C21523003FE247 /* UITextView+Extensions.swift */,
				E19392AC2A2C0AE400CA6238 /* UIColor+Extensions.swift */,
				E134BBE02A3F429700109013 /* String+Extensions.swift */,
				E134BBE22A3F429F00109013 /* Array+Extensions.swift */,
				E13919C92AD3342D00694200 /* View+Extensions.swift */,
				E179E5A42A3F98A3001F1BDD /* AVSpeechSynthesisVoice+Extensions.swift */,
				562CFA292AEFD2D700D622EA /* AVSpeechSynthesizer+Extensions.swift */,
			);
			path = Extensions;
			sourceTree = "<group>";
		};
		E115576C25B4C7810093851B /* CustomViews */ = {
			isa = PBXGroup;
			children = (
				E141AD4225F58B6700C61408 /* Views */,
				E18AF60625F57A07008CFA5D /* ScrollViews */,
				E1DF158725BCCC1300810C0D /* TableViews */,
				E197348F25B8CFA900F3A78B /* Cells */,
				E1C3EF5725B4EF5700339B9A /* NavigationControllers */,
				E1C3EF5125B4E96200339B9A /* TextViews */,
				E115577C25B4C9E40093851B /* Buttons */,
			);
			path = CustomViews;
			sourceTree = "<group>";
		};
		E115576E25B4C9000093851B /* SupportingFiles */ = {
			isa = PBXGroup;
			children = (
				E115576F25B4C9130093851B /* Fonts */,
				E1B1489225EC4288003C1401 /* Translations */,
				E115575025B4C42B0093851B /* Info.plist */,
			);
			path = SupportingFiles;
			sourceTree = "<group>";
		};
		E115576F25B4C9130093851B /* Fonts */ = {
			isa = PBXGroup;
			children = (
				E115577225B4C93C0093851B /* Poppins-Bold.ttf */,
				E115577025B4C93C0093851B /* Poppins-Medium.ttf */,
				E115577325B4C93C0093851B /* Poppins-Regular.ttf */,
				E115577125B4C93C0093851B /* Poppins-SemiBold.ttf */,
			);
			path = Fonts;
			sourceTree = "<group>";
		};
		E115577C25B4C9E40093851B /* Buttons */ = {
			isa = PBXGroup;
			children = (
				E1D4C3F52AD0C7490059DC46 /* InfoButton */,
				E18AF60B25F57BC7008CFA5D /* TouchHandlerButton */,
				E115578125B4CA230093851B /* LargeIconButton */,
			);
			path = Buttons;
			sourceTree = "<group>";
		};
		E115578125B4CA230093851B /* LargeIconButton */ = {
			isa = PBXGroup;
			children = (
				E115577D25B4CA0E0093851B /* LargeIconButton.swift */,
				E115578225B4CA350093851B /* LargeIconButton.xib */,
			);
			path = LargeIconButton;
			sourceTree = "<group>";
		};
		E134BBE82A3F527C00109013 /* HeaderView */ = {
			isa = PBXGroup;
			children = (
				E1E89B1B2A3F558F004DF84F /* HeaderView.swift */,
				E1E89B1C2A3F558F004DF84F /* HeaderView.xib */,
			);
			path = HeaderView;
			sourceTree = "<group>";
		};
		E137885325D48B40007E2DD8 /* CoreData */ = {
			isa = PBXGroup;
			children = (
				E137885725D48BC6007E2DD8 /* Phrase+CoreDataProperties.swift */,
				E137885825D48BC6007E2DD8 /* Phrase+CoreDataClass.swift */,
				E137882225D47B0A007E2DD8 /* Model.xcdatamodeld */,
			);
			path = CoreData;
			sourceTree = "<group>";
		};
		E13919C12AD2D47A00694200 /* Help (SwiftUI) */ = {
			isa = PBXGroup;
			children = (
				E13919C62AD333D400694200 /* Subviews */,
				E13919C22AD2D48E00694200 /* HelpView.swift */,
			);
			path = "Help (SwiftUI)";
			sourceTree = "<group>";
		};
		E13919C62AD333D400694200 /* Subviews */ = {
			isa = PBXGroup;
			children = (
				E13919C72AD333DE00694200 /* CollapsableHelpComponentView.swift */,
			);
			path = Subviews;
			sourceTree = "<group>";
		};
		E141AD4225F58B6700C61408 /* Views */ = {
			isa = PBXGroup;
			children = (
				E141AD4325F58B9000C61408 /* BackgroundShadowView.swift */,
				E1D4C3F02AD0AA1A0059DC46 /* PersonalVoiceInfoView */,
				E134BBE82A3F527C00109013 /* HeaderView */,
			);
			path = Views;
			sourceTree = "<group>";
		};
		E15B839225CF17AD00C8BFA5 /* LanguagePicker */ = {
			isa = PBXGroup;
			children = (
				E15B839325CF17CB00C8BFA5 /* LanguagePickerViewController.swift */,
				E15B839425CF17CB00C8BFA5 /* LanguagePickerViewController.xib */,
				E15B839925CF17DB00C8BFA5 /* LanguagePickerViewModel.swift */,
			);
			path = LanguagePicker;
			sourceTree = "<group>";
		};
		E15B839C25CF3D2800C8BFA5 /* VoiceCell */ = {
			isa = PBXGroup;
			children = (
				E15B839D25CF3D3F00C8BFA5 /* VoiceTableViewCell.swift */,
				E15B839E25CF3D3F00C8BFA5 /* VoiceTableViewCell.xib */,
			);
			path = VoiceCell;
			sourceTree = "<group>";
		};
		E16C32F42ACCA54300FDEDC1 /* BottomInfo */ = {
			isa = PBXGroup;
			children = (
				E16C32F62ACCA58800FDEDC1 /* BottomInfoViewController.xib */,
				E16C32F52ACCA58800FDEDC1 /* BottomInfoViewController.swift */,
				E16C32F92ACCA59500FDEDC1 /* BottomInfoViewModel.swift */,
			);
			path = BottomInfo;
			sourceTree = "<group>";
		};
		E1771A8225C21605003FE247 /* Settings */ = {
			isa = PBXGroup;
			children = (
				E1771A8C25C21680003FE247 /* SettingsViewController.xib */,
				E1771A8B25C21680003FE247 /* SettingsViewController.swift */,
				E1771A9025C2168F003FE247 /* SettingsViewModel.swift */,
			);
			path = Settings;
			sourceTree = "<group>";
		};
		E18AF60625F57A07008CFA5D /* ScrollViews */ = {
			isa = PBXGroup;
			children = (
				E18AF60725F57A27008CFA5D /* CustomScrollView.swift */,
			);
			path = ScrollViews;
			sourceTree = "<group>";
		};
		E18AF60B25F57BC7008CFA5D /* TouchHandlerButton */ = {
			isa = PBXGroup;
			children = (
				E18AF60C25F57BDF008CFA5D /* TouchHandlerButton.swift */,
			);
			path = TouchHandlerButton;
			sourceTree = "<group>";
		};
		E19392AE2A2C0B4300CA6238 /* Enums */ = {
			isa = PBXGroup;
			children = (
				E19392AA2A2C06DA00CA6238 /* Colors.swift */,
				E1417F932A324A2B00B0A9DA /* Nib.swift */,
				E1417F952A324E5D00B0A9DA /* Fonts.swift */,
				E1F4CA6E2A326E1A00ADC747 /* SliderDataType.swift */,
				E13919C42AD3190600694200 /* HelpContentType.swift */,
				562CFA2B2AEFD30900D622EA /* PersonalVoiceAuthorizationStatus.swift */,
			);
			path = Enums;
			sourceTree = "<group>";
		};
		E197348F25B8CFA900F3A78B /* Cells */ = {
			isa = PBXGroup;
			children = (
				E15B839C25CF3D2800C8BFA5 /* VoiceCell */,
				E1E98A7F25C6C73B00F531BD /* SliderCell */,
				E197349025B8CFAF00F3A78B /* QuickPhraseCell */,
			);
			path = Cells;
			sourceTree = "<group>";
		};
		E197349025B8CFAF00F3A78B /* QuickPhraseCell */ = {
			isa = PBXGroup;
			children = (
				E197349D25B8DBBD00F3A78B /* QuickPhraseTableViewCell.swift */,
				E197349E25B8DBBD00F3A78B /* QuickPhraseTableViewCell.xib */,
			);
			path = QuickPhraseCell;
			sourceTree = "<group>";
		};
		E197349725B8D4D600F3A78B /* Models */ = {
			isa = PBXGroup;
			children = (
				E197349925B8D4F400F3A78B /* QuickPhraseModel.swift */,
				E127353825C617BE007993EA /* SettingModel.swift */,
			);
			path = Models;
			sourceTree = "<group>";
		};
		E1B1489225EC4288003C1401 /* Translations */ = {
			isa = PBXGroup;
			children = (
				E1B148A725EC432A003C1401 /* Localizable.strings */,
				E1B148A325EC4326003C1401 /* Localizable.strings */,
			);
			path = Translations;
			sourceTree = "<group>";
		};
		E1C3EF5125B4E96200339B9A /* TextViews */ = {
			isa = PBXGroup;
			children = (
				E1C3EF5225B4E97F00339B9A /* MainTextView.swift */,
			);
			path = TextViews;
			sourceTree = "<group>";
		};
		E1C3EF5725B4EF5700339B9A /* NavigationControllers */ = {
			isa = PBXGroup;
			children = (
				E1C3EF5825B4EF7E00339B9A /* DefaultNavigationController.swift */,
			);
			path = NavigationControllers;
			sourceTree = "<group>";
		};
		E1D4C3F02AD0AA1A0059DC46 /* PersonalVoiceInfoView */ = {
			isa = PBXGroup;
			children = (
				E1D4C3F32AD0AA4B0059DC46 /* PersonalVoiceInfoView.swift */,
				E1D4C3F12AD0AA400059DC46 /* PersonalVoiceInfoView.xib */,
			);
			path = PersonalVoiceInfoView;
			sourceTree = "<group>";
		};
		E1D4C3F52AD0C7490059DC46 /* InfoButton */ = {
			isa = PBXGroup;
			children = (
				E1D4C3F62AD0C7880059DC46 /* InfoButton.swift */,
			);
			path = InfoButton;
			sourceTree = "<group>";
		};
		E1DF158725BCCC1300810C0D /* TableViews */ = {
			isa = PBXGroup;
			children = (
				E1DF158425BCBFAA00810C0D /* ContentSizedTableView.swift */,
			);
			path = TableViews;
			sourceTree = "<group>";
		};
		E1E98A7F25C6C73B00F531BD /* SliderCell */ = {
			isa = PBXGroup;
			children = (
				E1E98A8025C6C77200F531BD /* SliderTableViewCell.swift */,
				E1E98A8125C6C77200F531BD /* SliderTableViewCell.xib */,
			);
			path = SliderCell;
			sourceTree = "<group>";
		};
		E1F246F525FE82960077EE4F /* Help */ = {
			isa = PBXGroup;
			children = (
				E1F246F625FE82A90077EE4F /* HelpViewController.swift */,
				E1F246FB25FE82B30077EE4F /* HelpViewModel.swift */,
				E1F246F725FE82A90077EE4F /* HelpViewController.xib */,
			);
			path = Help;
			sourceTree = "<group>";
		};
		E1FFC29225B625DD00E8F1C0 /* Services */ = {
			isa = PBXGroup;
			children = (
				E1FFC29325B625F300E8F1C0 /* TextToSpeechService.swift */,
				E127353B25C61DEB007993EA /* UserDefaultsService.swift */,
				E137884B25D47E72007E2DD8 /* DatabaseService.swift */,
				E1E5FEC925D9879800FEB6E2 /* PhraseDatabaseService.swift */,
				E1D4C3EE2AD0A23A0059DC46 /* PersonalVoiceService.swift */,
			);
			path = Services;
			sourceTree = "<group>";
		};
/* End PBXGroup section */

/* Begin PBXNativeTarget section */
		E115573E25B4C4290093851B /* MyVoice */ = {
			isa = PBXNativeTarget;
			buildConfigurationList = E115575325B4C42B0093851B /* Build configuration list for PBXNativeTarget "MyVoice" */;
			buildPhases = (
				81BE8228A7AC25DEF06DEAF1 /* [CP] Check Pods Manifest.lock */,
				E1B1488D25EC4056003C1401 /* Bartycrouch script */,
				E115573B25B4C4290093851B /* Sources */,
				E115573C25B4C4290093851B /* Frameworks */,
				E115573D25B4C4290093851B /* Resources */,
				E127353325C60B3E007993EA /* Auto-increment build number */,
				6A0B6662A90718B42D98B369 /* [CP] Embed Pods Frameworks */,
			);
			buildRules = (
			);
			dependencies = (
			);
			name = MyVoice;
			productName = MyVoice;
			productReference = E115573F25B4C4290093851B /* MyVoice.app */;
			productType = "com.apple.product-type.application";
		};
/* End PBXNativeTarget section */

/* Begin PBXProject section */
		E115573725B4C4290093851B /* Project object */ = {
			isa = PBXProject;
			attributes = {
				LastSwiftUpdateCheck = 1200;
				LastUpgradeCheck = 1200;
				TargetAttributes = {
					E115573E25B4C4290093851B = {
						CreatedOnToolsVersion = 12.0.1;
					};
				};
			};
			buildConfigurationList = E115573A25B4C4290093851B /* Build configuration list for PBXProject "MyVoice" */;
			compatibilityVersion = "Xcode 9.3";
			developmentRegion = en;
			hasScannedForEncodings = 0;
			knownRegions = (
				en,
				Base,
				pl,
			);
			mainGroup = E115573625B4C4290093851B;
			productRefGroup = E115574025B4C4290093851B /* Products */;
			projectDirPath = "";
			projectRoot = "";
			targets = (
				E115573E25B4C4290093851B /* MyVoice */,
			);
		};
/* End PBXProject section */

/* Begin PBXResourcesBuildPhase section */
		E115573D25B4C4290093851B /* Resources */ = {
			isa = PBXResourcesBuildPhase;
			buildActionMask = 2147483647;
			files = (
				E115577525B4C93C0093851B /* Poppins-SemiBold.ttf in Resources */,
				E115577625B4C93C0093851B /* Poppins-Bold.ttf in Resources */,
				E1E98A8325C6C77200F531BD /* SliderTableViewCell.xib in Resources */,
				E1771A8E25C21680003FE247 /* SettingsViewController.xib in Resources */,
				E115577725B4C93C0093851B /* Poppins-Regular.ttf in Resources */,
				E115574F25B4C42B0093851B /* LaunchScreen.storyboard in Resources */,
				E1B148A125EC4326003C1401 /* Localizable.strings in Resources */,
				E1D4C3F22AD0AA400059DC46 /* PersonalVoiceInfoView.xib in Resources */,
				E16C32F82ACCA58800FDEDC1 /* BottomInfoViewController.xib in Resources */,
				E1F246F925FE82A90077EE4F /* HelpViewController.xib in Resources */,
				E15B83A025CF3D3F00C8BFA5 /* VoiceTableViewCell.xib in Resources */,
				E115577425B4C93C0093851B /* Poppins-Medium.ttf in Resources */,
				E115576225B4C56A0093851B /* MainViewController.xib in Resources */,
				E19734A025B8DBBD00F3A78B /* QuickPhraseTableViewCell.xib in Resources */,
				E1B148A525EC432A003C1401 /* Localizable.strings in Resources */,
				E115574C25B4C42B0093851B /* Assets.xcassets in Resources */,
				E1E6C2CE25B4D30300774B17 /* Colors.xcassets in Resources */,
				E1E89B1E2A3F558F004DF84F /* HeaderView.xib in Resources */,
				E15B839625CF17CB00C8BFA5 /* LanguagePickerViewController.xib in Resources */,
				E115578325B4CA350093851B /* LargeIconButton.xib in Resources */,
			);
			runOnlyForDeploymentPostprocessing = 0;
		};
/* End PBXResourcesBuildPhase section */

/* Begin PBXShellScriptBuildPhase section */
		6A0B6662A90718B42D98B369 /* [CP] Embed Pods Frameworks */ = {
			isa = PBXShellScriptBuildPhase;
			buildActionMask = 2147483647;
			files = (
			);
			inputFileListPaths = (
				"${PODS_ROOT}/Target Support Files/Pods-MyVoice/Pods-MyVoice-frameworks-${CONFIGURATION}-input-files.xcfilelist",
			);
			name = "[CP] Embed Pods Frameworks";
			outputFileListPaths = (
				"${PODS_ROOT}/Target Support Files/Pods-MyVoice/Pods-MyVoice-frameworks-${CONFIGURATION}-output-files.xcfilelist",
			);
			runOnlyForDeploymentPostprocessing = 0;
			shellPath = /bin/sh;
			shellScript = "\"${PODS_ROOT}/Target Support Files/Pods-MyVoice/Pods-MyVoice-frameworks.sh\"\n";
			showEnvVarsInLog = 0;
		};
		81BE8228A7AC25DEF06DEAF1 /* [CP] Check Pods Manifest.lock */ = {
			isa = PBXShellScriptBuildPhase;
			buildActionMask = 2147483647;
			files = (
			);
			inputFileListPaths = (
			);
			inputPaths = (
				"${PODS_PODFILE_DIR_PATH}/Podfile.lock",
				"${PODS_ROOT}/Manifest.lock",
			);
			name = "[CP] Check Pods Manifest.lock";
			outputFileListPaths = (
			);
			outputPaths = (
				"$(DERIVED_FILE_DIR)/Pods-MyVoice-checkManifestLockResult.txt",
			);
			runOnlyForDeploymentPostprocessing = 0;
			shellPath = /bin/sh;
			shellScript = "diff \"${PODS_PODFILE_DIR_PATH}/Podfile.lock\" \"${PODS_ROOT}/Manifest.lock\" > /dev/null\nif [ $? != 0 ] ; then\n    # print error to STDERR\n    echo \"error: The sandbox is not in sync with the Podfile.lock. Run 'pod install' or update your CocoaPods installation.\" >&2\n    exit 1\nfi\n# This output is used by Xcode 'outputs' to avoid re-running this script phase.\necho \"SUCCESS\" > \"${SCRIPT_OUTPUT_FILE_0}\"\n";
			showEnvVarsInLog = 0;
		};
		E127353325C60B3E007993EA /* Auto-increment build number */ = {
			isa = PBXShellScriptBuildPhase;
			buildActionMask = 2147483647;
			files = (
			);
			inputFileListPaths = (
			);
			inputPaths = (
			);
			name = "Auto-increment build number";
			outputFileListPaths = (
			);
			outputPaths = (
			);
			runOnlyForDeploymentPostprocessing = 0;
			shellPath = /bin/sh;
			shellScript = "PLIST=\"${INFOPLIST_FILE}\"\nPLB=/usr/libexec/PlistBuddy\nLAST_NUMBER=$($PLB -c \"Print CFBundleVersion\" \"$PLIST\")\nNEW_VERSION=$(($LAST_NUMBER + 1))\n$PLB -c \"Set :CFBundleVersion $NEW_VERSION\" \"$PLIST\"\n";
		};
		E1B1488D25EC4056003C1401 /* Bartycrouch script */ = {
			isa = PBXShellScriptBuildPhase;
			buildActionMask = 2147483647;
			files = (
			);
			inputFileListPaths = (
			);
			inputPaths = (
			);
			name = "Bartycrouch script";
			outputFileListPaths = (
			);
			outputPaths = (
			);
			runOnlyForDeploymentPostprocessing = 0;
			shellPath = /bin/sh;
			shellScript = "export PATH=\"$PATH:/opt/homebrew/bin\"\n\nif which bartycrouch > /dev/null; then\n    bartycrouch update -x\n    bartycrouch lint -x\nelse\n    echo \"warning: BartyCrouch not installed, download it from https://github.com/FlineDev/BartyCrouch\"\nfi\n";
		};
/* End PBXShellScriptBuildPhase section */

/* Begin PBXSourcesBuildPhase section */
		E115573B25B4C4290093851B /* Sources */ = {
			isa = PBXSourcesBuildPhase;
			buildActionMask = 2147483647;
			files = (
				E1F4CA6F2A326E1A00ADC747 /* SliderDataType.swift in Sources */,
				E179E5A52A3F98A3001F1BDD /* AVSpeechSynthesisVoice+Extensions.swift in Sources */,
				E1E6C2CB25B4D24800774B17 /* UIView+Extensions.swift in Sources */,
				E1C3EF5925B4EF7E00339B9A /* DefaultNavigationController.swift in Sources */,
				E1D4C3F42AD0AA4B0059DC46 /* PersonalVoiceInfoView.swift in Sources */,
				E115576625B4C5A10093851B /* BaseViewController.swift in Sources */,
				E134BBE32A3F429F00109013 /* Array+Extensions.swift in Sources */,
				E13919C32AD2D48E00694200 /* HelpView.swift in Sources */,
				E1DF158525BCBFAA00810C0D /* ContentSizedTableView.swift in Sources */,
				E1E98A8225C6C77200F531BD /* SliderTableViewCell.swift in Sources */,
				E1C3EF5325B4E97F00339B9A /* MainTextView.swift in Sources */,
				E15B839525CF17CB00C8BFA5 /* LanguagePickerViewController.swift in Sources */,
				E19392AD2A2C0AE400CA6238 /* UIColor+Extensions.swift in Sources */,
				E15B839A25CF17DB00C8BFA5 /* LanguagePickerViewModel.swift in Sources */,
				E18AF60D25F57BDF008CFA5D /* TouchHandlerButton.swift in Sources */,
				E16C32F72ACCA58800FDEDC1 /* BottomInfoViewController.swift in Sources */,
				E115574325B4C4290093851B /* AppDelegate.swift in Sources */,
				E1E89B1D2A3F558F004DF84F /* HeaderView.swift in Sources */,
				E1BD3E4D25B6308E00DB87E1 /* BaseViewModel.swift in Sources */,
				E115577E25B4CA0E0093851B /* LargeIconButton.swift in Sources */,
				E127353925C617BE007993EA /* SettingModel.swift in Sources */,
				E115574525B4C4290093851B /* SceneDelegate.swift in Sources */,
				E13919CA2AD3342D00694200 /* View+Extensions.swift in Sources */,
				E197349A25B8D4F400F3A78B /* QuickPhraseModel.swift in Sources */,
				E18AF60825F57A27008CFA5D /* CustomScrollView.swift in Sources */,
				E115576A25B4C5C20093851B /* ViewController+Extensions.swift in Sources */,
				E127353C25C61DEB007993EA /* UserDefaultsService.swift in Sources */,
				562CFA2A2AEFD2D700D622EA /* AVSpeechSynthesizer+Extensions.swift in Sources */,
				E134BBE12A3F429700109013 /* String+Extensions.swift in Sources */,
				E11C1AD125D83CFF001FE05E /* Phrase+CoreDataProperties.swift in Sources */,
				E15B839F25CF3D3F00C8BFA5 /* VoiceTableViewCell.swift in Sources */,
				E115576125B4C56A0093851B /* MainViewController.swift in Sources */,
				E1771A8D25C21680003FE247 /* SettingsViewController.swift in Sources */,
				E1F246F825FE82A90077EE4F /* HelpViewController.swift in Sources */,
				E141AD4425F58B9000C61408 /* BackgroundShadowView.swift in Sources */,
				E1771A8025C21523003FE247 /* UITextView+Extensions.swift in Sources */,
				E1FFC29425B625F300E8F1C0 /* TextToSpeechService.swift in Sources */,
				E16C32FA2ACCA59500FDEDC1 /* BottomInfoViewModel.swift in Sources */,
				E1D4C3F72AD0C7880059DC46 /* InfoButton.swift in Sources */,
				E1FFC29825B628A800E8F1C0 /* MainViewModel.swift in Sources */,
				E13919C52AD3190600694200 /* HelpContentType.swift in Sources */,
				E137884C25D47E72007E2DD8 /* DatabaseService.swift in Sources */,
				E137882425D47B0A007E2DD8 /* Model.xcdatamodeld in Sources */,
				562CFA2C2AEFD30900D622EA /* PersonalVoiceAuthorizationStatus.swift in Sources */,
				E197349F25B8DBBD00F3A78B /* QuickPhraseTableViewCell.swift in Sources */,
				E13919C82AD333DE00694200 /* CollapsableHelpComponentView.swift in Sources */,
				E1D4C3EF2AD0A23A0059DC46 /* PersonalVoiceService.swift in Sources */,
				E1417F942A324A2B00B0A9DA /* Nib.swift in Sources */,
				E1E5FECA25D9879800FEB6E2 /* PhraseDatabaseService.swift in Sources */,
				E19392AB2A2C06DA00CA6238 /* Colors.swift in Sources */,
				E1771A9125C2168F003FE247 /* SettingsViewModel.swift in Sources */,
				E11C1ACF25D83CFA001FE05E /* Phrase+CoreDataClass.swift in Sources */,
				E1417F962A324E5D00B0A9DA /* Fonts.swift in Sources */,
				E1F246FC25FE82B30077EE4F /* HelpViewModel.swift in Sources */,
			);
			runOnlyForDeploymentPostprocessing = 0;
		};
/* End PBXSourcesBuildPhase section */

/* Begin PBXVariantGroup section */
		E115574D25B4C42B0093851B /* LaunchScreen.storyboard */ = {
			isa = PBXVariantGroup;
			children = (
				E115574E25B4C42B0093851B /* Base */,
				E1B1489025EC41B0003C1401 /* pl */,
			);
			name = LaunchScreen.storyboard;
			sourceTree = "<group>";
		};
		E1B148A325EC4326003C1401 /* Localizable.strings */ = {
			isa = PBXVariantGroup;
			children = (
				E1B148A225EC4326003C1401 /* pl */,
			);
			name = Localizable.strings;
			sourceTree = "<group>";
		};
		E1B148A725EC432A003C1401 /* Localizable.strings */ = {
			isa = PBXVariantGroup;
			children = (
				E1B148A625EC432A003C1401 /* en */,
			);
			name = Localizable.strings;
			sourceTree = "<group>";
		};
/* End PBXVariantGroup section */

/* Begin XCBuildConfiguration section */
		E115575125B4C42B0093851B /* Debug */ = {
			isa = XCBuildConfiguration;
			buildSettings = {
				ALWAYS_SEARCH_USER_PATHS = NO;
				CLANG_ANALYZER_LOCALIZABILITY_NONLOCALIZED = YES;
				CLANG_ANALYZER_NONNULL = YES;
				CLANG_ANALYZER_NUMBER_OBJECT_CONVERSION = YES_AGGRESSIVE;
				CLANG_CXX_LANGUAGE_STANDARD = "gnu++14";
				CLANG_CXX_LIBRARY = "libc++";
				CLANG_ENABLE_MODULES = YES;
				CLANG_ENABLE_OBJC_ARC = YES;
				CLANG_ENABLE_OBJC_WEAK = YES;
				CLANG_WARN_BLOCK_CAPTURE_AUTORELEASING = YES;
				CLANG_WARN_BOOL_CONVERSION = YES;
				CLANG_WARN_COMMA = YES;
				CLANG_WARN_CONSTANT_CONVERSION = YES;
				CLANG_WARN_DEPRECATED_OBJC_IMPLEMENTATIONS = YES;
				CLANG_WARN_DIRECT_OBJC_ISA_USAGE = YES_ERROR;
				CLANG_WARN_DOCUMENTATION_COMMENTS = YES;
				CLANG_WARN_EMPTY_BODY = YES;
				CLANG_WARN_ENUM_CONVERSION = YES;
				CLANG_WARN_INFINITE_RECURSION = YES;
				CLANG_WARN_INT_CONVERSION = YES;
				CLANG_WARN_NON_LITERAL_NULL_CONVERSION = YES;
				CLANG_WARN_OBJC_IMPLICIT_RETAIN_SELF = YES;
				CLANG_WARN_OBJC_LITERAL_CONVERSION = YES;
				CLANG_WARN_OBJC_ROOT_CLASS = YES_ERROR;
				CLANG_WARN_QUOTED_INCLUDE_IN_FRAMEWORK_HEADER = YES;
				CLANG_WARN_RANGE_LOOP_ANALYSIS = YES;
				CLANG_WARN_STRICT_PROTOTYPES = YES;
				CLANG_WARN_SUSPICIOUS_MOVE = YES;
				CLANG_WARN_UNGUARDED_AVAILABILITY = YES_AGGRESSIVE;
				CLANG_WARN_UNREACHABLE_CODE = YES;
				CLANG_WARN__DUPLICATE_METHOD_MATCH = YES;
				COPY_PHASE_STRIP = NO;
				DEBUG_INFORMATION_FORMAT = dwarf;
				ENABLE_STRICT_OBJC_MSGSEND = YES;
				ENABLE_TESTABILITY = YES;
				GCC_C_LANGUAGE_STANDARD = gnu11;
				GCC_DYNAMIC_NO_PIC = NO;
				GCC_NO_COMMON_BLOCKS = YES;
				GCC_OPTIMIZATION_LEVEL = 0;
				GCC_PREPROCESSOR_DEFINITIONS = (
					"DEBUG=1",
					"$(inherited)",
				);
				GCC_WARN_64_TO_32_BIT_CONVERSION = YES;
				GCC_WARN_ABOUT_RETURN_TYPE = YES_ERROR;
				GCC_WARN_UNDECLARED_SELECTOR = YES;
				GCC_WARN_UNINITIALIZED_AUTOS = YES_AGGRESSIVE;
				GCC_WARN_UNUSED_FUNCTION = YES;
				GCC_WARN_UNUSED_VARIABLE = YES;
				IPHONEOS_DEPLOYMENT_TARGET = 14.0;
				MTL_ENABLE_DEBUG_INFO = INCLUDE_SOURCE;
				MTL_FAST_MATH = YES;
				ONLY_ACTIVE_ARCH = YES;
				SDKROOT = iphoneos;
				SWIFT_ACTIVE_COMPILATION_CONDITIONS = DEBUG;
				SWIFT_OPTIMIZATION_LEVEL = "-Onone";
			};
			name = Debug;
		};
		E115575225B4C42B0093851B /* Release */ = {
			isa = XCBuildConfiguration;
			buildSettings = {
				ALWAYS_SEARCH_USER_PATHS = NO;
				CLANG_ANALYZER_LOCALIZABILITY_NONLOCALIZED = YES;
				CLANG_ANALYZER_NONNULL = YES;
				CLANG_ANALYZER_NUMBER_OBJECT_CONVERSION = YES_AGGRESSIVE;
				CLANG_CXX_LANGUAGE_STANDARD = "gnu++14";
				CLANG_CXX_LIBRARY = "libc++";
				CLANG_ENABLE_MODULES = YES;
				CLANG_ENABLE_OBJC_ARC = YES;
				CLANG_ENABLE_OBJC_WEAK = YES;
				CLANG_WARN_BLOCK_CAPTURE_AUTORELEASING = YES;
				CLANG_WARN_BOOL_CONVERSION = YES;
				CLANG_WARN_COMMA = YES;
				CLANG_WARN_CONSTANT_CONVERSION = YES;
				CLANG_WARN_DEPRECATED_OBJC_IMPLEMENTATIONS = YES;
				CLANG_WARN_DIRECT_OBJC_ISA_USAGE = YES_ERROR;
				CLANG_WARN_DOCUMENTATION_COMMENTS = YES;
				CLANG_WARN_EMPTY_BODY = YES;
				CLANG_WARN_ENUM_CONVERSION = YES;
				CLANG_WARN_INFINITE_RECURSION = YES;
				CLANG_WARN_INT_CONVERSION = YES;
				CLANG_WARN_NON_LITERAL_NULL_CONVERSION = YES;
				CLANG_WARN_OBJC_IMPLICIT_RETAIN_SELF = YES;
				CLANG_WARN_OBJC_LITERAL_CONVERSION = YES;
				CLANG_WARN_OBJC_ROOT_CLASS = YES_ERROR;
				CLANG_WARN_QUOTED_INCLUDE_IN_FRAMEWORK_HEADER = YES;
				CLANG_WARN_RANGE_LOOP_ANALYSIS = YES;
				CLANG_WARN_STRICT_PROTOTYPES = YES;
				CLANG_WARN_SUSPICIOUS_MOVE = YES;
				CLANG_WARN_UNGUARDED_AVAILABILITY = YES_AGGRESSIVE;
				CLANG_WARN_UNREACHABLE_CODE = YES;
				CLANG_WARN__DUPLICATE_METHOD_MATCH = YES;
				COPY_PHASE_STRIP = NO;
				DEBUG_INFORMATION_FORMAT = "dwarf-with-dsym";
				ENABLE_NS_ASSERTIONS = NO;
				ENABLE_STRICT_OBJC_MSGSEND = YES;
				GCC_C_LANGUAGE_STANDARD = gnu11;
				GCC_NO_COMMON_BLOCKS = YES;
				GCC_WARN_64_TO_32_BIT_CONVERSION = YES;
				GCC_WARN_ABOUT_RETURN_TYPE = YES_ERROR;
				GCC_WARN_UNDECLARED_SELECTOR = YES;
				GCC_WARN_UNINITIALIZED_AUTOS = YES_AGGRESSIVE;
				GCC_WARN_UNUSED_FUNCTION = YES;
				GCC_WARN_UNUSED_VARIABLE = YES;
				IPHONEOS_DEPLOYMENT_TARGET = 14.0;
				MTL_ENABLE_DEBUG_INFO = NO;
				MTL_FAST_MATH = YES;
				SDKROOT = iphoneos;
				SWIFT_COMPILATION_MODE = wholemodule;
				SWIFT_OPTIMIZATION_LEVEL = "-O";
				VALIDATE_PRODUCT = YES;
			};
			name = Release;
		};
		E115575425B4C42B0093851B /* Debug */ = {
			isa = XCBuildConfiguration;
			baseConfigurationReference = 00064B458A7017DF2720DD19 /* Pods-MyVoice.debug.xcconfig */;
			buildSettings = {
				ASSETCATALOG_COMPILER_APPICON_NAME = "AppIcon-Dark";
				ASSETCATALOG_COMPILER_GLOBAL_ACCENT_COLOR_NAME = AccentColor;
				CODE_SIGN_STYLE = Automatic;
				DEVELOPMENT_TEAM = V9858W9DAL;
				INFOPLIST_FILE = "$(SRCROOT)/MyVoice/SupportingFiles/Info.plist";
				IPHONEOS_DEPLOYMENT_TARGET = 14.0;
				LD_RUNPATH_SEARCH_PATHS = (
					"$(inherited)",
					"@executable_path/Frameworks",
				);
				PRODUCT_BUNDLE_IDENTIFIER = com.infinity.MyVoiceApp;
				PRODUCT_NAME = "$(TARGET_NAME)";
				SUPPORTED_PLATFORMS = "iphoneos iphonesimulator";
				SUPPORTS_MACCATALYST = NO;
				SUPPORTS_MAC_DESIGNED_FOR_IPHONE_IPAD = YES;
				SWIFT_VERSION = 5.0;
				TARGETED_DEVICE_FAMILY = "1,2";
			};
			name = Debug;
		};
		E115575525B4C42B0093851B /* Release */ = {
			isa = XCBuildConfiguration;
			baseConfigurationReference = 4A86AE1510816C7951487315 /* Pods-MyVoice.release.xcconfig */;
			buildSettings = {
				ASSETCATALOG_COMPILER_APPICON_NAME = "AppIcon-Dark";
				ASSETCATALOG_COMPILER_GLOBAL_ACCENT_COLOR_NAME = AccentColor;
				CODE_SIGN_STYLE = Automatic;
				DEVELOPMENT_TEAM = V9858W9DAL;
				INFOPLIST_FILE = "$(SRCROOT)/MyVoice/SupportingFiles/Info.plist";
				IPHONEOS_DEPLOYMENT_TARGET = 14.0;
				LD_RUNPATH_SEARCH_PATHS = (
					"$(inherited)",
					"@executable_path/Frameworks",
				);
				PRODUCT_BUNDLE_IDENTIFIER = com.infinity.MyVoiceApp;
				PRODUCT_NAME = "$(TARGET_NAME)";
				SUPPORTED_PLATFORMS = "iphoneos iphonesimulator";
				SUPPORTS_MACCATALYST = NO;
				SUPPORTS_MAC_DESIGNED_FOR_IPHONE_IPAD = YES;
				SWIFT_VERSION = 5.0;
				TARGETED_DEVICE_FAMILY = "1,2";
			};
			name = Release;
		};
/* End XCBuildConfiguration section */

/* Begin XCConfigurationList section */
		E115573A25B4C4290093851B /* Build configuration list for PBXProject "MyVoice" */ = {
			isa = XCConfigurationList;
			buildConfigurations = (
				E115575125B4C42B0093851B /* Debug */,
				E115575225B4C42B0093851B /* Release */,
			);
			defaultConfigurationIsVisible = 0;
			defaultConfigurationName = Release;
		};
		E115575325B4C42B0093851B /* Build configuration list for PBXNativeTarget "MyVoice" */ = {
			isa = XCConfigurationList;
			buildConfigurations = (
				E115575425B4C42B0093851B /* Debug */,
				E115575525B4C42B0093851B /* Release */,
			);
			defaultConfigurationIsVisible = 0;
			defaultConfigurationName = Release;
		};
/* End XCConfigurationList section */

/* Begin XCVersionGroup section */
		E137882225D47B0A007E2DD8 /* Model.xcdatamodeld */ = {
			isa = XCVersionGroup;
			children = (
				E137882325D47B0A007E2DD8 /* Model.xcdatamodel */,
			);
			currentVersion = E137882325D47B0A007E2DD8 /* Model.xcdatamodel */;
			path = Model.xcdatamodeld;
			sourceTree = "<group>";
			versionGroupType = wrapper.xcdatamodel;
		};
/* End XCVersionGroup section */
	};
	rootObject = E115573725B4C4290093851B /* Project object */;
}
